// !$*UTF8*$!
{
	archiveVersion = 1;
	classes = {
	};
	objectVersion = 46;
	objects = {

/* Begin PBXBuildFile section */
		39E6C12C190CB01400D9AF2A /* Foundation.framework in Frameworks */ = {isa = PBXBuildFile; fileRef = 39E6C12B190CB01400D9AF2A /* Foundation.framework */; };
		39E6C12E190CB01400D9AF2A /* CoreGraphics.framework in Frameworks */ = {isa = PBXBuildFile; fileRef = 39E6C12D190CB01400D9AF2A /* CoreGraphics.framework */; };
		39E6C130190CB01400D9AF2A /* UIKit.framework in Frameworks */ = {isa = PBXBuildFile; fileRef = 39E6C12F190CB01400D9AF2A /* UIKit.framework */; };
		39E6C136190CB01400D9AF2A /* InfoPlist.strings in Resources */ = {isa = PBXBuildFile; fileRef = 39E6C134190CB01400D9AF2A /* InfoPlist.strings */; };
		39E6C138190CB01400D9AF2A /* main.m in Sources */ = {isa = PBXBuildFile; fileRef = 39E6C137190CB01400D9AF2A /* main.m */; };
		39E6C13C190CB01400D9AF2A /* NAppDelegate.m in Sources */ = {isa = PBXBuildFile; fileRef = 39E6C13B190CB01400D9AF2A /* NAppDelegate.m */; };
		39E6C13E190CB01400D9AF2A /* Images.xcassets in Resources */ = {isa = PBXBuildFile; fileRef = 39E6C13D190CB01400D9AF2A /* Images.xcassets */; };
		39E6C145190CB01400D9AF2A /* XCTest.framework in Frameworks */ = {isa = PBXBuildFile; fileRef = 39E6C144190CB01400D9AF2A /* XCTest.framework */; };
		39E6C146190CB01400D9AF2A /* Foundation.framework in Frameworks */ = {isa = PBXBuildFile; fileRef = 39E6C12B190CB01400D9AF2A /* Foundation.framework */; };
		39E6C147190CB01400D9AF2A /* UIKit.framework in Frameworks */ = {isa = PBXBuildFile; fileRef = 39E6C12F190CB01400D9AF2A /* UIKit.framework */; };
		39E6C14F190CB01400D9AF2A /* InfoPlist.strings in Resources */ = {isa = PBXBuildFile; fileRef = 39E6C14D190CB01400D9AF2A /* InfoPlist.strings */; };
		39E6C151190CB01400D9AF2A /* RabbitTests.m in Sources */ = {isa = PBXBuildFile; fileRef = 39E6C150190CB01400D9AF2A /* RabbitTests.m */; };
/* End PBXBuildFile section */

/* Begin PBXContainerItemProxy section */
		39E6C148190CB01400D9AF2A /* PBXContainerItemProxy */ = {
			isa = PBXContainerItemProxy;
			containerPortal = 39E6C120190CB01400D9AF2A /* Project object */;
			proxyType = 1;
			remoteGlobalIDString = 39E6C127190CB01400D9AF2A;
			remoteInfo = Rabbit;
		};
/* End PBXContainerItemProxy section */

/* Begin PBXFileReference section */
		39E6C128190CB01400D9AF2A /* Rabbit.app */ = {isa = PBXFileReference; explicitFileType = wrapper.application; includeInIndex = 0; path = Rabbit.app; sourceTree = BUILT_PRODUCTS_DIR; };
		39E6C12B190CB01400D9AF2A /* Foundation.framework */ = {isa = PBXFileReference; lastKnownFileType = wrapper.framework; name = Foundation.framework; path = System/Library/Frameworks/Foundation.framework; sourceTree = SDKROOT; };
		39E6C12D190CB01400D9AF2A /* CoreGraphics.framework */ = {isa = PBXFileReference; lastKnownFileType = wrapper.framework; name = CoreGraphics.framework; path = System/Library/Frameworks/CoreGraphics.framework; sourceTree = SDKROOT; };
		39E6C12F190CB01400D9AF2A /* UIKit.framework */ = {isa = PBXFileReference; lastKnownFileType = wrapper.framework; name = UIKit.framework; path = System/Library/Frameworks/UIKit.framework; sourceTree = SDKROOT; };
		39E6C133190CB01400D9AF2A /* Rabbit-Info.plist */ = {isa = PBXFileReference; lastKnownFileType = text.plist.xml; path = "Rabbit-Info.plist"; sourceTree = "<group>"; };
		39E6C135190CB01400D9AF2A /* en */ = {isa = PBXFileReference; lastKnownFileType = text.plist.strings; name = en; path = en.lproj/InfoPlist.strings; sourceTree = "<group>"; };
		39E6C137190CB01400D9AF2A /* main.m */ = {isa = PBXFileReference; lastKnownFileType = sourcecode.c.objc; path = main.m; sourceTree = "<group>"; };
		39E6C139190CB01400D9AF2A /* Rabbit-Prefix.pch */ = {isa = PBXFileReference; lastKnownFileType = sourcecode.c.h; path = "Rabbit-Prefix.pch"; sourceTree = "<group>"; };
		39E6C13A190CB01400D9AF2A /* NAppDelegate.h */ = {isa = PBXFileReference; lastKnownFileType = sourcecode.c.h; path = NAppDelegate.h; sourceTree = "<group>"; };
		39E6C13B190CB01400D9AF2A /* NAppDelegate.m */ = {isa = PBXFileReference; lastKnownFileType = sourcecode.c.objc; path = NAppDelegate.m; sourceTree = "<group>"; };
		39E6C13D190CB01400D9AF2A /* Images.xcassets */ = {isa = PBXFileReference; lastKnownFileType = folder.assetcatalog; path = Images.xcassets; sourceTree = "<group>"; };
		39E6C143190CB01400D9AF2A /* RabbitTests.xctest */ = {isa = PBXFileReference; explicitFileType = wrapper.cfbundle; includeInIndex = 0; path = RabbitTests.xctest; sourceTree = BUILT_PRODUCTS_DIR; };
		39E6C144190CB01400D9AF2A /* XCTest.framework */ = {isa = PBXFileReference; lastKnownFileType = wrapper.framework; name = XCTest.framework; path = Library/Frameworks/XCTest.framework; sourceTree = DEVELOPER_DIR; };
		39E6C14C190CB01400D9AF2A /* RabbitTests-Info.plist */ = {isa = PBXFileReference; lastKnownFileType = text.plist.xml; path = "RabbitTests-Info.plist"; sourceTree = "<group>"; };
		39E6C14E190CB01400D9AF2A /* en */ = {isa = PBXFileReference; lastKnownFileType = text.plist.strings; name = en; path = en.lproj/InfoPlist.strings; sourceTree = "<group>"; };
		39E6C150190CB01400D9AF2A /* RabbitTests.m */ = {isa = PBXFileReference; lastKnownFileType = sourcecode.c.objc; path = RabbitTests.m; sourceTree = "<group>"; };
/* End PBXFileReference section */

/* Begin PBXFrameworksBuildPhase section */
		39E6C125190CB01400D9AF2A /* Frameworks */ = {
			isa = PBXFrameworksBuildPhase;
			buildActionMask = 2147483647;
			files = (
				39E6C12E190CB01400D9AF2A /* CoreGraphics.framework in Frameworks */,
				39E6C130190CB01400D9AF2A /* UIKit.framework in Frameworks */,
				39E6C12C190CB01400D9AF2A /* Foundation.framework in Frameworks */,
			);
			runOnlyForDeploymentPostprocessing = 0;
		};
		39E6C140190CB01400D9AF2A /* Frameworks */ = {
			isa = PBXFrameworksBuildPhase;
			buildActionMask = 2147483647;
			files = (
				39E6C145190CB01400D9AF2A /* XCTest.framework in Frameworks */,
				39E6C147190CB01400D9AF2A /* UIKit.framework in Frameworks */,
				39E6C146190CB01400D9AF2A /* Foundation.framework in Frameworks */,
			);
			runOnlyForDeploymentPostprocessing = 0;
		};
/* End PBXFrameworksBuildPhase section */

/* Begin PBXGroup section */
		39E6C11F190CB01400D9AF2A = {
			isa = PBXGroup;
			children = (
				39E6C131190CB01400D9AF2A /* Rabbit */,
				39E6C14A190CB01400D9AF2A /* RabbitTests */,
				39E6C12A190CB01400D9AF2A /* Frameworks */,
				39E6C129190CB01400D9AF2A /* Products */,
			);
			sourceTree = "<group>";
		};
		39E6C129190CB01400D9AF2A /* Products */ = {
			isa = PBXGroup;
			children = (
				39E6C128190CB01400D9AF2A /* Rabbit.app */,
				39E6C143190CB01400D9AF2A /* RabbitTests.xctest */,
			);
			name = Products;
			sourceTree = "<group>";
		};
		39E6C12A190CB01400D9AF2A /* Frameworks */ = {
			isa = PBXGroup;
			children = (
				39E6C12B190CB01400D9AF2A /* Foundation.framework */,
				39E6C12D190CB01400D9AF2A /* CoreGraphics.framework */,
				39E6C12F190CB01400D9AF2A /* UIKit.framework */,
				39E6C144190CB01400D9AF2A /* XCTest.framework */,
			);
			name = Frameworks;
			sourceTree = "<group>";
		};
		39E6C131190CB01400D9AF2A /* Rabbit */ = {
			isa = PBXGroup;
			children = (
				39E6C13A190CB01400D9AF2A /* NAppDelegate.h */,
				39E6C13B190CB01400D9AF2A /* NAppDelegate.m */,
				39E6C13D190CB01400D9AF2A /* Images.xcassets */,
				39E6C132190CB01400D9AF2A /* Supporting Files */,
			);
			path = Rabbit;
			sourceTree = "<group>";
		};
		39E6C132190CB01400D9AF2A /* Supporting Files */ = {
			isa = PBXGroup;
			children = (
				39E6C133190CB01400D9AF2A /* Rabbit-Info.plist */,
				39E6C134190CB01400D9AF2A /* InfoPlist.strings */,
				39E6C137190CB01400D9AF2A /* main.m */,
				39E6C139190CB01400D9AF2A /* Rabbit-Prefix.pch */,
			);
			name = "Supporting Files";
			sourceTree = "<group>";
		};
		39E6C14A190CB01400D9AF2A /* RabbitTests */ = {
			isa = PBXGroup;
			children = (
				39E6C150190CB01400D9AF2A /* RabbitTests.m */,
				39E6C14B190CB01400D9AF2A /* Supporting Files */,
			);
			path = RabbitTests;
			sourceTree = "<group>";
		};
		39E6C14B190CB01400D9AF2A /* Supporting Files */ = {
			isa = PBXGroup;
			children = (
				39E6C14C190CB01400D9AF2A /* RabbitTests-Info.plist */,
				39E6C14D190CB01400D9AF2A /* InfoPlist.strings */,
			);
			name = "Supporting Files";
			sourceTree = "<group>";
		};
/* End PBXGroup section */

/* Begin PBXNativeTarget section */
		39E6C127190CB01400D9AF2A /* Rabbit */ = {
			isa = PBXNativeTarget;
			buildConfigurationList = 39E6C154190CB01400D9AF2A /* Build configuration list for PBXNativeTarget "Rabbit" */;
			buildPhases = (
				39E6C124190CB01400D9AF2A /* Sources */,
				39E6C125190CB01400D9AF2A /* Frameworks */,
				39E6C126190CB01400D9AF2A /* Resources */,
			);
			buildRules = (
			);
			dependencies = (
			);
			name = Rabbit;
			productName = Rabbit;
			productReference = 39E6C128190CB01400D9AF2A /* Rabbit.app */;
			productType = "com.apple.product-type.application";
		};
		39E6C142190CB01400D9AF2A /* RabbitTests */ = {
			isa = PBXNativeTarget;
			buildConfigurationList = 39E6C157190CB01400D9AF2A /* Build configuration list for PBXNativeTarget "RabbitTests" */;
			buildPhases = (
				39E6C13F190CB01400D9AF2A /* Sources */,
				39E6C140190CB01400D9AF2A /* Frameworks */,
				39E6C141190CB01400D9AF2A /* Resources */,
			);
			buildRules = (
			);
			dependencies = (
				39E6C149190CB01400D9AF2A /* PBXTargetDependency */,
			);
			name = RabbitTests;
			productName = RabbitTests;
			productReference = 39E6C143190CB01400D9AF2A /* RabbitTests.xctest */;
			productType = "com.apple.product-type.bundle.unit-test";
		};
/* End PBXNativeTarget section */

/* Begin PBXProject section */
		39E6C120190CB01400D9AF2A /* Project object */ = {
			isa = PBXProject;
			attributes = {
				CLASSPREFIX = N;
				LastUpgradeCheck = 0510;
				ORGANIZATIONNAME = "Hazel Jiang";
				TargetAttributes = {
					39E6C142190CB01400D9AF2A = {
						TestTargetID = 39E6C127190CB01400D9AF2A;
					};
				};
			};
			buildConfigurationList = 39E6C123190CB01400D9AF2A /* Build configuration list for PBXProject "Rabbit" */;
			compatibilityVersion = "Xcode 3.2";
			developmentRegion = English;
			hasScannedForEncodings = 0;
			knownRegions = (
				en,
			);
			mainGroup = 39E6C11F190CB01400D9AF2A;
			productRefGroup = 39E6C129190CB01400D9AF2A /* Products */;
			projectDirPath = "";
			projectRoot = "";
			targets = (
				39E6C127190CB01400D9AF2A /* Rabbit */,
				39E6C142190CB01400D9AF2A /* RabbitTests */,
			);
		};
/* End PBXProject section */

/* Begin PBXResourcesBuildPhase section */
		39E6C126190CB01400D9AF2A /* Resources */ = {
			isa = PBXResourcesBuildPhase;
			buildActionMask = 2147483647;
			files = (
				39E6C136190CB01400D9AF2A /* InfoPlist.strings in Resources */,
				39E6C13E190CB01400D9AF2A /* Images.xcassets in Resources */,
			);
			runOnlyForDeploymentPostprocessing = 0;
		};
		39E6C141190CB01400D9AF2A /* Resources */ = {
			isa = PBXResourcesBuildPhase;
			buildActionMask = 2147483647;
			files = (
				39E6C14F190CB01400D9AF2A /* InfoPlist.strings in Resources */,
			);
			runOnlyForDeploymentPostprocessing = 0;
		};
/* End PBXResourcesBuildPhase section */

/* Begin PBXSourcesBuildPhase section */
		39E6C124190CB01400D9AF2A /* Sources */ = {
			isa = PBXSourcesBuildPhase;
			buildActionMask = 2147483647;
			files = (
				39E6C138190CB01400D9AF2A /* main.m in Sources */,
				39E6C13C190CB01400D9AF2A /* NAppDelegate.m in Sources */,
			);
			runOnlyForDeploymentPostprocessing = 0;
		};
		39E6C13F190CB01400D9AF2A /* Sources */ = {
			isa = PBXSourcesBuildPhase;
			buildActionMask = 2147483647;
			files = (
				39E6C151190CB01400D9AF2A /* RabbitTests.m in Sources */,
			);
			runOnlyForDeploymentPostprocessing = 0;
		};
/* End PBXSourcesBuildPhase section */

/* Begin PBXTargetDependency section */
		39E6C149190CB01400D9AF2A /* PBXTargetDependency */ = {
			isa = PBXTargetDependency;
			target = 39E6C127190CB01400D9AF2A /* Rabbit */;
			targetProxy = 39E6C148190CB01400D9AF2A /* PBXContainerItemProxy */;
		};
/* End PBXTargetDependency section */

/* Begin PBXVariantGroup section */
		39E6C134190CB01400D9AF2A /* InfoPlist.strings */ = {
			isa = PBXVariantGroup;
			children = (
				39E6C135190CB01400D9AF2A /* en */,
			);
			name = InfoPlist.strings;
			sourceTree = "<group>";
		};
		39E6C14D190CB01400D9AF2A /* InfoPlist.strings */ = {
			isa = PBXVariantGroup;
			children = (
				39E6C14E190CB01400D9AF2A /* en */,
			);
			name = InfoPlist.strings;
			sourceTree = "<group>";
		};
/* End PBXVariantGroup section */

/* Begin XCBuildConfiguration section */
		39E6C152190CB01400D9AF2A /* Debug */ = {
			isa = XCBuildConfiguration;
			buildSettings = {
				ALWAYS_SEARCH_USER_PATHS = NO;
				CLANG_CXX_LANGUAGE_STANDARD = "gnu++0x";
				CLANG_CXX_LIBRARY = "libc++";
				CLANG_ENABLE_MODULES = YES;
				CLANG_ENABLE_OBJC_ARC = YES;
				CLANG_WARN_BOOL_CONVERSION = YES;
				CLANG_WARN_CONSTANT_CONVERSION = YES;
				CLANG_WARN_DIRECT_OBJC_ISA_USAGE = YES_ERROR;
				CLANG_WARN_EMPTY_BODY = YES;
				CLANG_WARN_ENUM_CONVERSION = YES;
				CLANG_WARN_INT_CONVERSION = YES;
				CLANG_WARN_OBJC_ROOT_CLASS = YES_ERROR;
				CLANG_WARN__DUPLICATE_METHOD_MATCH = YES;
				"CODE_SIGN_IDENTITY[sdk=iphoneos*]" = "iPhone Developer";
				COPY_PHASE_STRIP = NO;
				GCC_C_LANGUAGE_STANDARD = gnu99;
				GCC_DYNAMIC_NO_PIC = NO;
				GCC_OPTIMIZATION_LEVEL = 0;
				GCC_PREPROCESSOR_DEFINITIONS = (
					"DEBUG=1",
					"$(inherited)",
				);
				GCC_SYMBOLS_PRIVATE_EXTERN = NO;
				GCC_WARN_64_TO_32_BIT_CONVERSION = YES;
				GCC_WARN_ABOUT_RETURN_TYPE = YES_ERROR;
				GCC_WARN_UNDECLARED_SELECTOR = YES;
				GCC_WARN_UNINITIALIZED_AUTOS = YES_AGGRESSIVE;
				GCC_WARN_UNUSED_FUNCTION = YES;
				GCC_WARN_UNUSED_VARIABLE = YES;
				IPHONEOS_DEPLOYMENT_TARGET = 7.1;
				ONLY_ACTIVE_ARCH = YES;
				SDKROOT = iphoneos;
			};
			name = Debug;
		};
		39E6C153190CB01400D9AF2A /* Release */ = {
			isa = XCBuildConfiguration;
			buildSettings = {
				ALWAYS_SEARCH_USER_PATHS = NO;
				CLANG_CXX_LANGUAGE_STANDARD = "gnu++0x";
				CLANG_CXX_LIBRARY = "libc++";
				CLANG_ENABLE_MODULES = YES;
				CLANG_ENABLE_OBJC_ARC = YES;
				CLANG_WARN_BOOL_CONVERSION = YES;
				CLANG_WARN_CONSTANT_CONVERSION = YES;
				CLANG_WARN_DIRECT_OBJC_ISA_USAGE = YES_ERROR;
				CLANG_WARN_EMPTY_BODY = YES;
				CLANG_WARN_ENUM_CONVERSION = YES;
				CLANG_WARN_INT_CONVERSION = YES;
				CLANG_WARN_OBJC_ROOT_CLASS = YES_ERROR;
				CLANG_WARN__DUPLICATE_METHOD_MATCH = YES;
				"CODE_SIGN_IDENTITY[sdk=iphoneos*]" = "iPhone Developer";
				COPY_PHASE_STRIP = YES;
				ENABLE_NS_ASSERTIONS = NO;
				GCC_C_LANGUAGE_STANDARD = gnu99;
				GCC_WARN_64_TO_32_BIT_CONVERSION = YES;
				GCC_WARN_ABOUT_RETURN_TYPE = YES_ERROR;
				GCC_WARN_UNDECLARED_SELECTOR = YES;
				GCC_WARN_UNINITIALIZED_AUTOS = YES_AGGRESSIVE;
				GCC_WARN_UNUSED_FUNCTION = YES;
				GCC_WARN_UNUSED_VARIABLE = YES;
				IPHONEOS_DEPLOYMENT_TARGET = 7.1;
				SDKROOT = iphoneos;
				VALIDATE_PRODUCT = YES;
			};
			name = Release;
		};
		39E6C155190CB01400D9AF2A /* Debug */ = {
			isa = XCBuildConfiguration;
			buildSettings = {
				ASSETCATALOG_COMPILER_APPICON_NAME = AppIcon;
				ASSETCATALOG_COMPILER_LAUNCHIMAGE_NAME = LaunchImage;
				GCC_PRECOMPILE_PREFIX_HEADER = YES;
				GCC_PREFIX_HEADER = "Rabbit/Rabbit-Prefix.pch";
				INFOPLIST_FILE = "Rabbit/Rabbit-Info.plist";
				PRODUCT_NAME = "$(TARGET_NAME)";
				WRAPPER_EXTENSION = app;
			};
			name = Debug;
		};
		39E6C156190CB01400D9AF2A /* Release */ = {
			isa = XCBuildConfiguration;
			buildSettings = {
				ASSETCATALOG_COMPILER_APPICON_NAME = AppIcon;
				ASSETCATALOG_COMPILER_LAUNCHIMAGE_NAME = LaunchImage;
				GCC_PRECOMPILE_PREFIX_HEADER = YES;
				GCC_PREFIX_HEADER = "Rabbit/Rabbit-Prefix.pch";
				INFOPLIST_FILE = "Rabbit/Rabbit-Info.plist";
				PRODUCT_NAME = "$(TARGET_NAME)";
				WRAPPER_EXTENSION = app;
			};
			name = Release;
		};
		39E6C158190CB01400D9AF2A /* Debug */ = {
			isa = XCBuildConfiguration;
			buildSettings = {
				BUNDLE_LOADER = "$(BUILT_PRODUCTS_DIR)/Rabbit.app/Rabbit";
				FRAMEWORK_SEARCH_PATHS = (
					"$(SDKROOT)/Developer/Library/Frameworks",
					"$(inherited)",
					"$(DEVELOPER_FRAMEWORKS_DIR)",
				);
				GCC_PRECOMPILE_PREFIX_HEADER = YES;
				GCC_PREFIX_HEADER = "Rabbit/Rabbit-Prefix.pch";
				GCC_PREPROCESSOR_DEFINITIONS = (
					"DEBUG=1",
					"$(inherited)",
				);
				INFOPLIST_FILE = "RabbitTests/RabbitTests-Info.plist";
				PRODUCT_NAME = "$(TARGET_NAME)";
				TEST_HOST = "$(BUNDLE_LOADER)";
				WRAPPER_EXTENSION = xctest;
			};
			name = Debug;
		};
		39E6C159190CB01400D9AF2A /* Release */ = {
			isa = XCBuildConfiguration;
			buildSettings = {
				BUNDLE_LOADER = "$(BUILT_PRODUCTS_DIR)/Rabbit.app/Rabbit";
				FRAMEWORK_SEARCH_PATHS = (
					"$(SDKROOT)/Developer/Library/Frameworks",
					"$(inherited)",
					"$(DEVELOPER_FRAMEWORKS_DIR)",
				);
				GCC_PRECOMPILE_PREFIX_HEADER = YES;
				GCC_PREFIX_HEADER = "Rabbit/Rabbit-Prefix.pch";
				INFOPLIST_FILE = "RabbitTests/RabbitTests-Info.plist";
				PRODUCT_NAME = "$(TARGET_NAME)";
				TEST_HOST = "$(BUNDLE_LOADER)";
				WRAPPER_EXTENSION = xctest;
			};
			name = Release;
		};
/* End XCBuildConfiguration section */

/* Begin XCConfigurationList section */
		39E6C123190CB01400D9AF2A /* Build configuration list for PBXProject "Rabbit" */ = {
			isa = XCConfigurationList;
			buildConfigurations = (
				39E6C152190CB01400D9AF2A /* Debug */,
				39E6C153190CB01400D9AF2A /* Release */,
			);
			defaultConfigurationIsVisible = 0;
			defaultConfigurationName = Release;
		};
		39E6C154190CB01400D9AF2A /* Build configuration list for PBXNativeTarget "Rabbit" */ = {
			isa = XCConfigurationList;
			buildConfigurations = (
				39E6C155190CB01400D9AF2A /* Debug */,
				39E6C156190CB01400D9AF2A /* Release */,
			);
			defaultConfigurationIsVisible = 0;
		};
		39E6C157190CB01400D9AF2A /* Build configuration list for PBXNativeTarget "RabbitTests" */ = {
			isa = XCConfigurationList;
			buildConfigurations = (
				39E6C158190CB01400D9AF2A /* Debug */,
				39E6C159190CB01400D9AF2A /* Release */,
			);
			defaultConfigurationIsVisible = 0;
		};
/* End XCConfigurationList section */
	};
	rootObject = 39E6C120190CB01400D9AF2A /* Project object */;
}
