// !$*UTF8*$!
{
	archiveVersion = 1;
	classes = {
	};
	objectVersion = 46;
	objects = {

/* Begin PBXBuildFile section */
		39141073192E165E00206978 /* Images.xcassets in Resources */ = {isa = PBXBuildFile; fileRef = 39141072192E165E00206978 /* Images.xcassets */; };
		3914107619301A5D00206978 /* GravatarUrlBuilder.m in Sources */ = {isa = PBXBuildFile; fileRef = 3914107419301A5D00206978 /* GravatarUrlBuilder.m */; };
		3914107919301A8000206978 /* TPKeyboardAvoidingScrollView.m in Sources */ = {isa = PBXBuildFile; fileRef = 3914107719301A8000206978 /* TPKeyboardAvoidingScrollView.m */; };
		3914107F19301AF300206978 /* MSCellAccessory.m in Sources */ = {isa = PBXBuildFile; fileRef = 3914107C19301AF300206978 /* MSCellAccessory.m */; };
		3914108019301AF300206978 /* UIView+AccessViewController.m in Sources */ = {isa = PBXBuildFile; fileRef = 3914107E19301AF300206978 /* UIView+AccessViewController.m */; };
		393E723D190CC07700A76C44 /* NInboxViewController.m in Sources */ = {isa = PBXBuildFile; fileRef = 393E723C190CC07700A76C44 /* NInboxViewController.m */; };
		393E723F190CC6A300A76C44 /* Parse.framework in Frameworks */ = {isa = PBXBuildFile; fileRef = 393E723E190CC6A300A76C44 /* Parse.framework */; };
		393E7249190CC72A00A76C44 /* AudioToolbox.framework in Frameworks */ = {isa = PBXBuildFile; fileRef = 393E7240190CC72A00A76C44 /* AudioToolbox.framework */; };
		393E724A190CC72A00A76C44 /* CFNetwork.framework in Frameworks */ = {isa = PBXBuildFile; fileRef = 393E7241190CC72A00A76C44 /* CFNetwork.framework */; };
		393E724B190CC72A00A76C44 /* CoreLocation.framework in Frameworks */ = {isa = PBXBuildFile; fileRef = 393E7242190CC72A00A76C44 /* CoreLocation.framework */; };
		393E724C190CC72A00A76C44 /* libz.1.1.3.dylib in Frameworks */ = {isa = PBXBuildFile; fileRef = 393E7243190CC72A00A76C44 /* libz.1.1.3.dylib */; };
		393E724D190CC72A00A76C44 /* MobileCoreServices.framework in Frameworks */ = {isa = PBXBuildFile; fileRef = 393E7244190CC72A00A76C44 /* MobileCoreServices.framework */; };
		393E724E190CC72A00A76C44 /* QuartzCore.framework in Frameworks */ = {isa = PBXBuildFile; fileRef = 393E7245190CC72A00A76C44 /* QuartzCore.framework */; };
		393E724F190CC72A00A76C44 /* Security.framework in Frameworks */ = {isa = PBXBuildFile; fileRef = 393E7246190CC72A00A76C44 /* Security.framework */; };
		393E7250190CC72A00A76C44 /* StoreKit.framework in Frameworks */ = {isa = PBXBuildFile; fileRef = 393E7247190CC72A00A76C44 /* StoreKit.framework */; };
		393E7251190CC72A00A76C44 /* SystemConfiguration.framework in Frameworks */ = {isa = PBXBuildFile; fileRef = 393E7248190CC72A00A76C44 /* SystemConfiguration.framework */; };
		393E725A190CCC7100A76C44 /* NLoginViewController.m in Sources */ = {isa = PBXBuildFile; fileRef = 393E7259190CCC7100A76C44 /* NLoginViewController.m */; };
		393E725D190CCC8300A76C44 /* NSignupViewController.m in Sources */ = {isa = PBXBuildFile; fileRef = 393E725C190CCC8300A76C44 /* NSignupViewController.m */; };
		394B0A8D191A7C9300322B19 /* NEditFriendsViewController.m in Sources */ = {isa = PBXBuildFile; fileRef = 394B0A8C191A7C9300322B19 /* NEditFriendsViewController.m */; };
		395C80D51928872E00749A78 /* NAdditionalInformationViewController.m in Sources */ = {isa = PBXBuildFile; fileRef = 395C80D41928872E00749A78 /* NAdditionalInformationViewController.m */; };
		39A21CBA191BAEAA00B6FCAA /* NCameraViewController.m in Sources */ = {isa = PBXBuildFile; fileRef = 39A21CB9191BAEAA00B6FCAA /* NCameraViewController.m */; };
		39A21CC5191BEE4300B6FCAA /* NImageViewController.m in Sources */ = {isa = PBXBuildFile; fileRef = 39A21CC4191BEE4300B6FCAA /* NImageViewController.m */; };
		39A313361922D65100039981 /* MediaPlayer.framework in Frameworks */ = {isa = PBXBuildFile; fileRef = 39A313351922D65100039981 /* MediaPlayer.framework */; };
		39B8FEEF192894AF00F43014 /* Podfile in Resources */ = {isa = PBXBuildFile; fileRef = 39B8FEEE192894AF00F43014 /* Podfile */; };
		39E6C12C190CB01400D9AF2A /* Foundation.framework in Frameworks */ = {isa = PBXBuildFile; fileRef = 39E6C12B190CB01400D9AF2A /* Foundation.framework */; };
		39E6C12E190CB01400D9AF2A /* CoreGraphics.framework in Frameworks */ = {isa = PBXBuildFile; fileRef = 39E6C12D190CB01400D9AF2A /* CoreGraphics.framework */; };
		39E6C130190CB01400D9AF2A /* UIKit.framework in Frameworks */ = {isa = PBXBuildFile; fileRef = 39E6C12F190CB01400D9AF2A /* UIKit.framework */; };
		39E6C136190CB01400D9AF2A /* InfoPlist.strings in Resources */ = {isa = PBXBuildFile; fileRef = 39E6C134190CB01400D9AF2A /* InfoPlist.strings */; };
		39E6C138190CB01400D9AF2A /* main.m in Sources */ = {isa = PBXBuildFile; fileRef = 39E6C137190CB01400D9AF2A /* main.m */; };
		39E6C13C190CB01400D9AF2A /* NAppDelegate.m in Sources */ = {isa = PBXBuildFile; fileRef = 39E6C13B190CB01400D9AF2A /* NAppDelegate.m */; };
		39E6C145190CB01400D9AF2A /* XCTest.framework in Frameworks */ = {isa = PBXBuildFile; fileRef = 39E6C144190CB01400D9AF2A /* XCTest.framework */; };
		39E6C146190CB01400D9AF2A /* Foundation.framework in Frameworks */ = {isa = PBXBuildFile; fileRef = 39E6C12B190CB01400D9AF2A /* Foundation.framework */; };
		39E6C147190CB01400D9AF2A /* UIKit.framework in Frameworks */ = {isa = PBXBuildFile; fileRef = 39E6C12F190CB01400D9AF2A /* UIKit.framework */; };
		39E6C14F190CB01400D9AF2A /* InfoPlist.strings in Resources */ = {isa = PBXBuildFile; fileRef = 39E6C14D190CB01400D9AF2A /* InfoPlist.strings */; };
		39E6C151190CB01400D9AF2A /* RabbitTests.m in Sources */ = {isa = PBXBuildFile; fileRef = 39E6C150190CB01400D9AF2A /* RabbitTests.m */; };
		39E6C15B190CB02700D9AF2A /* MainStoryboard.storyboard in Resources */ = {isa = PBXBuildFile; fileRef = 39E6C15A190CB02700D9AF2A /* MainStoryboard.storyboard */; };
		39F0CF411911F7C200D9A7AA /* NFriendsViewController.m in Sources */ = {isa = PBXBuildFile; fileRef = 39F0CF401911F7C200D9A7AA /* NFriendsViewController.m */; };
/* End PBXBuildFile section */

/* Begin PBXContainerItemProxy section */
		39E6C148190CB01400D9AF2A /* PBXContainerItemProxy */ = {
			isa = PBXContainerItemProxy;
			containerPortal = 39E6C120190CB01400D9AF2A /* Project object */;
			proxyType = 1;
			remoteGlobalIDString = 39E6C127190CB01400D9AF2A;
			remoteInfo = Rabbit;
		};
/* End PBXContainerItemProxy section */

/* Begin PBXFileReference section */
		39141072192E165E00206978 /* Images.xcassets */ = {isa = PBXFileReference; lastKnownFileType = folder.assetcatalog; path = Images.xcassets; sourceTree = "<group>"; };
		3914107419301A5D00206978 /* GravatarUrlBuilder.m */ = {isa = PBXFileReference; fileEncoding = 4; lastKnownFileType = sourcecode.c.objc; name = GravatarUrlBuilder.m; path = ../GravatarUrlBuilder.m; sourceTree = "<group>"; };
		3914107519301A5D00206978 /* GravatarUrlBuilder.h */ = {isa = PBXFileReference; fileEncoding = 4; lastKnownFileType = sourcecode.c.h; name = GravatarUrlBuilder.h; path = ../GravatarUrlBuilder.h; sourceTree = "<group>"; };
		3914107719301A8000206978 /* TPKeyboardAvoidingScrollView.m */ = {isa = PBXFileReference; fileEncoding = 4; lastKnownFileType = sourcecode.c.objc; name = TPKeyboardAvoidingScrollView.m; path = ../TPKeyboardAvoidingScrollView.m; sourceTree = "<group>"; };
		3914107819301A8000206978 /* TPKeyboardAvoidingScrollView.h */ = {isa = PBXFileReference; fileEncoding = 4; lastKnownFileType = sourcecode.c.h; name = TPKeyboardAvoidingScrollView.h; path = ../TPKeyboardAvoidingScrollView.h; sourceTree = "<group>"; };
		3914107B19301AF300206978 /* MSCellAccessory.h */ = {isa = PBXFileReference; fileEncoding = 4; lastKnownFileType = sourcecode.c.h; path = MSCellAccessory.h; sourceTree = "<group>"; };
		3914107C19301AF300206978 /* MSCellAccessory.m */ = {isa = PBXFileReference; fileEncoding = 4; lastKnownFileType = sourcecode.c.objc; path = MSCellAccessory.m; sourceTree = "<group>"; };
		3914107D19301AF300206978 /* UIView+AccessViewController.h */ = {isa = PBXFileReference; fileEncoding = 4; lastKnownFileType = sourcecode.c.h; path = "UIView+AccessViewController.h"; sourceTree = "<group>"; };
		3914107E19301AF300206978 /* UIView+AccessViewController.m */ = {isa = PBXFileReference; fileEncoding = 4; lastKnownFileType = sourcecode.c.objc; path = "UIView+AccessViewController.m"; sourceTree = "<group>"; };
		393E723B190CC07700A76C44 /* NInboxViewController.h */ = {isa = PBXFileReference; fileEncoding = 4; lastKnownFileType = sourcecode.c.h; name = NInboxViewController.h; path = ../NInboxViewController.h; sourceTree = "<group>"; };
		393E723C190CC07700A76C44 /* NInboxViewController.m */ = {isa = PBXFileReference; fileEncoding = 4; lastKnownFileType = sourcecode.c.objc; name = NInboxViewController.m; path = ../NInboxViewController.m; sourceTree = "<group>"; };
		393E723E190CC6A300A76C44 /* Parse.framework */ = {isa = PBXFileReference; lastKnownFileType = wrapper.framework; path = Parse.framework; sourceTree = "<group>"; };
		393E7240190CC72A00A76C44 /* AudioToolbox.framework */ = {isa = PBXFileReference; lastKnownFileType = wrapper.framework; name = AudioToolbox.framework; path = System/Library/Frameworks/AudioToolbox.framework; sourceTree = SDKROOT; };
		393E7241190CC72A00A76C44 /* CFNetwork.framework */ = {isa = PBXFileReference; lastKnownFileType = wrapper.framework; name = CFNetwork.framework; path = System/Library/Frameworks/CFNetwork.framework; sourceTree = SDKROOT; };
		393E7242190CC72A00A76C44 /* CoreLocation.framework */ = {isa = PBXFileReference; lastKnownFileType = wrapper.framework; name = CoreLocation.framework; path = System/Library/Frameworks/CoreLocation.framework; sourceTree = SDKROOT; };
		393E7243190CC72A00A76C44 /* libz.1.1.3.dylib */ = {isa = PBXFileReference; lastKnownFileType = "compiled.mach-o.dylib"; name = libz.1.1.3.dylib; path = usr/lib/libz.1.1.3.dylib; sourceTree = SDKROOT; };
		393E7244190CC72A00A76C44 /* MobileCoreServices.framework */ = {isa = PBXFileReference; lastKnownFileType = wrapper.framework; name = MobileCoreServices.framework; path = System/Library/Frameworks/MobileCoreServices.framework; sourceTree = SDKROOT; };
		393E7245190CC72A00A76C44 /* QuartzCore.framework */ = {isa = PBXFileReference; lastKnownFileType = wrapper.framework; name = QuartzCore.framework; path = System/Library/Frameworks/QuartzCore.framework; sourceTree = SDKROOT; };
		393E7246190CC72A00A76C44 /* Security.framework */ = {isa = PBXFileReference; lastKnownFileType = wrapper.framework; name = Security.framework; path = System/Library/Frameworks/Security.framework; sourceTree = SDKROOT; };
		393E7247190CC72A00A76C44 /* StoreKit.framework */ = {isa = PBXFileReference; lastKnownFileType = wrapper.framework; name = StoreKit.framework; path = System/Library/Frameworks/StoreKit.framework; sourceTree = SDKROOT; };
		393E7248190CC72A00A76C44 /* SystemConfiguration.framework */ = {isa = PBXFileReference; lastKnownFileType = wrapper.framework; name = SystemConfiguration.framework; path = System/Library/Frameworks/SystemConfiguration.framework; sourceTree = SDKROOT; };
		393E7258190CCC7100A76C44 /* NLoginViewController.h */ = {isa = PBXFileReference; fileEncoding = 4; lastKnownFileType = sourcecode.c.h; name = NLoginViewController.h; path = ../NLoginViewController.h; sourceTree = "<group>"; };
		393E7259190CCC7100A76C44 /* NLoginViewController.m */ = {isa = PBXFileReference; fileEncoding = 4; lastKnownFileType = sourcecode.c.objc; name = NLoginViewController.m; path = ../NLoginViewController.m; sourceTree = "<group>"; };
		393E725B190CCC8300A76C44 /* NSignupViewController.h */ = {isa = PBXFileReference; fileEncoding = 4; lastKnownFileType = sourcecode.c.h; name = NSignupViewController.h; path = ../NSignupViewController.h; sourceTree = "<group>"; };
		393E725C190CCC8300A76C44 /* NSignupViewController.m */ = {isa = PBXFileReference; fileEncoding = 4; lastKnownFileType = sourcecode.c.objc; name = NSignupViewController.m; path = ../NSignupViewController.m; sourceTree = "<group>"; };
		394B0A8B191A7C9300322B19 /* NEditFriendsViewController.h */ = {isa = PBXFileReference; fileEncoding = 4; lastKnownFileType = sourcecode.c.h; name = NEditFriendsViewController.h; path = ../NEditFriendsViewController.h; sourceTree = "<group>"; };
		394B0A8C191A7C9300322B19 /* NEditFriendsViewController.m */ = {isa = PBXFileReference; fileEncoding = 4; lastKnownFileType = sourcecode.c.objc; name = NEditFriendsViewController.m; path = ../NEditFriendsViewController.m; sourceTree = "<group>"; };
		395C80D31928872E00749A78 /* NAdditionalInformationViewController.h */ = {isa = PBXFileReference; fileEncoding = 4; lastKnownFileType = sourcecode.c.h; name = NAdditionalInformationViewController.h; path = ../NAdditionalInformationViewController.h; sourceTree = "<group>"; };
		395C80D41928872E00749A78 /* NAdditionalInformationViewController.m */ = {isa = PBXFileReference; fileEncoding = 4; lastKnownFileType = sourcecode.c.objc; name = NAdditionalInformationViewController.m; path = ../NAdditionalInformationViewController.m; sourceTree = "<group>"; };
		39A21CB8191BAEAA00B6FCAA /* NCameraViewController.h */ = {isa = PBXFileReference; fileEncoding = 4; lastKnownFileType = sourcecode.c.h; path = NCameraViewController.h; sourceTree = "<group>"; };
		39A21CB9191BAEAA00B6FCAA /* NCameraViewController.m */ = {isa = PBXFileReference; fileEncoding = 4; lastKnownFileType = sourcecode.c.objc; path = NCameraViewController.m; sourceTree = "<group>"; };
		39A21CC3191BEE4300B6FCAA /* NImageViewController.h */ = {isa = PBXFileReference; fileEncoding = 4; lastKnownFileType = sourcecode.c.h; name = NImageViewController.h; path = ../NImageViewController.h; sourceTree = "<group>"; };
		39A21CC4191BEE4300B6FCAA /* NImageViewController.m */ = {isa = PBXFileReference; fileEncoding = 4; lastKnownFileType = sourcecode.c.objc; name = NImageViewController.m; path = ../NImageViewController.m; sourceTree = "<group>"; };
		39A313351922D65100039981 /* MediaPlayer.framework */ = {isa = PBXFileReference; lastKnownFileType = wrapper.framework; name = MediaPlayer.framework; path = System/Library/Frameworks/MediaPlayer.framework; sourceTree = SDKROOT; };
		39B8FEEE192894AF00F43014 /* Podfile */ = {isa = PBXFileReference; fileEncoding = 4; lastKnownFileType = text; path = Podfile; sourceTree = "<group>"; };
		39E6C128190CB01400D9AF2A /* Rabbit.app */ = {isa = PBXFileReference; explicitFileType = wrapper.application; includeInIndex = 0; path = Rabbit.app; sourceTree = BUILT_PRODUCTS_DIR; };
		39E6C12B190CB01400D9AF2A /* Foundation.framework */ = {isa = PBXFileReference; lastKnownFileType = wrapper.framework; name = Foundation.framework; path = System/Library/Frameworks/Foundation.framework; sourceTree = SDKROOT; };
		39E6C12D190CB01400D9AF2A /* CoreGraphics.framework */ = {isa = PBXFileReference; lastKnownFileType = wrapper.framework; name = CoreGraphics.framework; path = System/Library/Frameworks/CoreGraphics.framework; sourceTree = SDKROOT; };
		39E6C12F190CB01400D9AF2A /* UIKit.framework */ = {isa = PBXFileReference; lastKnownFileType = wrapper.framework; name = UIKit.framework; path = System/Library/Frameworks/UIKit.framework; sourceTree = SDKROOT; };
		39E6C133190CB01400D9AF2A /* Rabbit-Info.plist */ = {isa = PBXFileReference; lastKnownFileType = text.plist.xml; path = "Rabbit-Info.plist"; sourceTree = "<group>"; };
		39E6C135190CB01400D9AF2A /* en */ = {isa = PBXFileReference; lastKnownFileType = text.plist.strings; name = en; path = en.lproj/InfoPlist.strings; sourceTree = "<group>"; };
		39E6C137190CB01400D9AF2A /* main.m */ = {isa = PBXFileReference; lastKnownFileType = sourcecode.c.objc; path = main.m; sourceTree = "<group>"; };
		39E6C139190CB01400D9AF2A /* Rabbit-Prefix.pch */ = {isa = PBXFileReference; lastKnownFileType = sourcecode.c.h; path = "Rabbit-Prefix.pch"; sourceTree = "<group>"; };
		39E6C13A190CB01400D9AF2A /* NAppDelegate.h */ = {isa = PBXFileReference; lastKnownFileType = sourcecode.c.h; path = NAppDelegate.h; sourceTree = "<group>"; };
		39E6C13B190CB01400D9AF2A /* NAppDelegate.m */ = {isa = PBXFileReference; lastKnownFileType = sourcecode.c.objc; path = NAppDelegate.m; sourceTree = "<group>"; };
		39E6C143190CB01400D9AF2A /* RabbitTests.xctest */ = {isa = PBXFileReference; explicitFileType = wrapper.cfbundle; includeInIndex = 0; path = RabbitTests.xctest; sourceTree = BUILT_PRODUCTS_DIR; };
		39E6C144190CB01400D9AF2A /* XCTest.framework */ = {isa = PBXFileReference; lastKnownFileType = wrapper.framework; name = XCTest.framework; path = Library/Frameworks/XCTest.framework; sourceTree = DEVELOPER_DIR; };
		39E6C14C190CB01400D9AF2A /* RabbitTests-Info.plist */ = {isa = PBXFileReference; lastKnownFileType = text.plist.xml; path = "RabbitTests-Info.plist"; sourceTree = "<group>"; };
		39E6C14E190CB01400D9AF2A /* en */ = {isa = PBXFileReference; lastKnownFileType = text.plist.strings; name = en; path = en.lproj/InfoPlist.strings; sourceTree = "<group>"; };
		39E6C150190CB01400D9AF2A /* RabbitTests.m */ = {isa = PBXFileReference; lastKnownFileType = sourcecode.c.objc; path = RabbitTests.m; sourceTree = "<group>"; };
		39E6C15A190CB02700D9AF2A /* MainStoryboard.storyboard */ = {isa = PBXFileReference; fileEncoding = 4; lastKnownFileType = file.storyboard; path = MainStoryboard.storyboard; sourceTree = "<group>"; };
		39F0CF3F1911F7C200D9A7AA /* NFriendsViewController.h */ = {isa = PBXFileReference; fileEncoding = 4; lastKnownFileType = sourcecode.c.h; name = NFriendsViewController.h; path = ../NFriendsViewController.h; sourceTree = "<group>"; };
		39F0CF401911F7C200D9A7AA /* NFriendsViewController.m */ = {isa = PBXFileReference; fileEncoding = 4; lastKnownFileType = sourcecode.c.objc; name = NFriendsViewController.m; path = ../NFriendsViewController.m; sourceTree = "<group>"; };
/* End PBXFileReference section */

/* Begin PBXFrameworksBuildPhase section */
		39E6C125190CB01400D9AF2A /* Frameworks */ = {
			isa = PBXFrameworksBuildPhase;
			buildActionMask = 2147483647;
			files = (
				39A313361922D65100039981 /* MediaPlayer.framework in Frameworks */,
				393E7249190CC72A00A76C44 /* AudioToolbox.framework in Frameworks */,
				393E724A190CC72A00A76C44 /* CFNetwork.framework in Frameworks */,
				393E724B190CC72A00A76C44 /* CoreLocation.framework in Frameworks */,
				393E724C190CC72A00A76C44 /* libz.1.1.3.dylib in Frameworks */,
				393E724D190CC72A00A76C44 /* MobileCoreServices.framework in Frameworks */,
				393E724E190CC72A00A76C44 /* QuartzCore.framework in Frameworks */,
				393E724F190CC72A00A76C44 /* Security.framework in Frameworks */,
				393E7250190CC72A00A76C44 /* StoreKit.framework in Frameworks */,
				393E7251190CC72A00A76C44 /* SystemConfiguration.framework in Frameworks */,
				39E6C12E190CB01400D9AF2A /* CoreGraphics.framework in Frameworks */,
				39E6C130190CB01400D9AF2A /* UIKit.framework in Frameworks */,
				393E723F190CC6A300A76C44 /* Parse.framework in Frameworks */,
				39E6C12C190CB01400D9AF2A /* Foundation.framework in Frameworks */,
			);
			runOnlyForDeploymentPostprocessing = 0;
		};
		39E6C140190CB01400D9AF2A /* Frameworks */ = {
			isa = PBXFrameworksBuildPhase;
			buildActionMask = 2147483647;
			files = (
				39E6C145190CB01400D9AF2A /* XCTest.framework in Frameworks */,
				39E6C147190CB01400D9AF2A /* UIKit.framework in Frameworks */,
				39E6C146190CB01400D9AF2A /* Foundation.framework in Frameworks */,
			);
			runOnlyForDeploymentPostprocessing = 0;
		};
/* End PBXFrameworksBuildPhase section */

/* Begin PBXGroup section */
		3914107A19301AF300206978 /* MSCellAccessory */ = {
			isa = PBXGroup;
			children = (
				3914107B19301AF300206978 /* MSCellAccessory.h */,
				3914107C19301AF300206978 /* MSCellAccessory.m */,
				3914107D19301AF300206978 /* UIView+AccessViewController.h */,
				3914107E19301AF300206978 /* UIView+AccessViewController.m */,
			);
			path = MSCellAccessory;
			sourceTree = "<group>";
		};
		39E6C11F190CB01400D9AF2A = {
			isa = PBXGroup;
			children = (
				39B8FEEE192894AF00F43014 /* Podfile */,
				39E6C15A190CB02700D9AF2A /* MainStoryboard.storyboard */,
				39E6C131190CB01400D9AF2A /* Rabbit */,
				39E6C14A190CB01400D9AF2A /* RabbitTests */,
				39E6C12A190CB01400D9AF2A /* Frameworks */,
				39E6C129190CB01400D9AF2A /* Products */,
			);
			sourceTree = "<group>";
		};
		39E6C129190CB01400D9AF2A /* Products */ = {
			isa = PBXGroup;
			children = (
				39E6C128190CB01400D9AF2A /* Rabbit.app */,
				39E6C143190CB01400D9AF2A /* RabbitTests.xctest */,
			);
			name = Products;
			sourceTree = "<group>";
		};
		39E6C12A190CB01400D9AF2A /* Frameworks */ = {
			isa = PBXGroup;
			children = (
				39A313351922D65100039981 /* MediaPlayer.framework */,
				393E7240190CC72A00A76C44 /* AudioToolbox.framework */,
				393E7241190CC72A00A76C44 /* CFNetwork.framework */,
				393E7242190CC72A00A76C44 /* CoreLocation.framework */,
				393E7243190CC72A00A76C44 /* libz.1.1.3.dylib */,
				393E7244190CC72A00A76C44 /* MobileCoreServices.framework */,
				393E7245190CC72A00A76C44 /* QuartzCore.framework */,
				393E7246190CC72A00A76C44 /* Security.framework */,
				393E7247190CC72A00A76C44 /* StoreKit.framework */,
				393E7248190CC72A00A76C44 /* SystemConfiguration.framework */,
				393E723E190CC6A300A76C44 /* Parse.framework */,
				39E6C12B190CB01400D9AF2A /* Foundation.framework */,
				39E6C12D190CB01400D9AF2A /* CoreGraphics.framework */,
				39E6C12F190CB01400D9AF2A /* UIKit.framework */,
				39E6C144190CB01400D9AF2A /* XCTest.framework */,
			);
			name = Frameworks;
			sourceTree = "<group>";
		};
		39E6C131190CB01400D9AF2A /* Rabbit */ = {
			isa = PBXGroup;
			children = (
				3914107A19301AF300206978 /* MSCellAccessory */,
				3914107719301A8000206978 /* TPKeyboardAvoidingScrollView.m */,
				3914107819301A8000206978 /* TPKeyboardAvoidingScrollView.h */,
				3914107419301A5D00206978 /* GravatarUrlBuilder.m */,
				3914107519301A5D00206978 /* GravatarUrlBuilder.h */,
				393E725B190CCC8300A76C44 /* NSignupViewController.h */,
				393E725C190CCC8300A76C44 /* NSignupViewController.m */,
				393E7258190CCC7100A76C44 /* NLoginViewController.h */,
				393E7259190CCC7100A76C44 /* NLoginViewController.m */,
				394B0A8B191A7C9300322B19 /* NEditFriendsViewController.h */,
				394B0A8C191A7C9300322B19 /* NEditFriendsViewController.m */,
				39F0CF3F1911F7C200D9A7AA /* NFriendsViewController.h */,
				39F0CF401911F7C200D9A7AA /* NFriendsViewController.m */,
				39A21CB8191BAEAA00B6FCAA /* NCameraViewController.h */,
				39A21CB9191BAEAA00B6FCAA /* NCameraViewController.m */,
				39A21CC3191BEE4300B6FCAA /* NImageViewController.h */,
				39A21CC4191BEE4300B6FCAA /* NImageViewController.m */,
				393E723B190CC07700A76C44 /* NInboxViewController.h */,
				393E723C190CC07700A76C44 /* NInboxViewController.m */,
				395C80D31928872E00749A78 /* NAdditionalInformationViewController.h */,
				395C80D41928872E00749A78 /* NAdditionalInformationViewController.m */,
				39E6C13A190CB01400D9AF2A /* NAppDelegate.h */,
				39E6C13B190CB01400D9AF2A /* NAppDelegate.m */,
				39141072192E165E00206978 /* Images.xcassets */,
				39E6C132190CB01400D9AF2A /* Supporting Files */,
			);
			path = Rabbit;
			sourceTree = "<group>";
		};
		39E6C132190CB01400D9AF2A /* Supporting Files */ = {
			isa = PBXGroup;
			children = (
				39E6C133190CB01400D9AF2A /* Rabbit-Info.plist */,
				39E6C134190CB01400D9AF2A /* InfoPlist.strings */,
				39E6C137190CB01400D9AF2A /* main.m */,
				39E6C139190CB01400D9AF2A /* Rabbit-Prefix.pch */,
			);
			name = "Supporting Files";
			sourceTree = "<group>";
		};
		39E6C14A190CB01400D9AF2A /* RabbitTests */ = {
			isa = PBXGroup;
			children = (
				39E6C150190CB01400D9AF2A /* RabbitTests.m */,
				39E6C14B190CB01400D9AF2A /* Supporting Files */,
			);
			path = RabbitTests;
			sourceTree = "<group>";
		};
		39E6C14B190CB01400D9AF2A /* Supporting Files */ = {
			isa = PBXGroup;
			children = (
				39E6C14C190CB01400D9AF2A /* RabbitTests-Info.plist */,
				39E6C14D190CB01400D9AF2A /* InfoPlist.strings */,
			);
			name = "Supporting Files";
			sourceTree = "<group>";
		};
/* End PBXGroup section */

/* Begin PBXNativeTarget section */
		39E6C127190CB01400D9AF2A /* Rabbit */ = {
			isa = PBXNativeTarget;
			buildConfigurationList = 39E6C154190CB01400D9AF2A /* Build configuration list for PBXNativeTarget "Rabbit" */;
			buildPhases = (
				39E6C124190CB01400D9AF2A /* Sources */,
				39E6C125190CB01400D9AF2A /* Frameworks */,
				39E6C126190CB01400D9AF2A /* Resources */,
			);
			buildRules = (
			);
			dependencies = (
			);
			name = Rabbit;
			productName = Rabbit;
			productReference = 39E6C128190CB01400D9AF2A /* Rabbit.app */;
			productType = "com.apple.product-type.application";
		};
		39E6C142190CB01400D9AF2A /* RabbitTests */ = {
			isa = PBXNativeTarget;
			buildConfigurationList = 39E6C157190CB01400D9AF2A /* Build configuration list for PBXNativeTarget "RabbitTests" */;
			buildPhases = (
				39E6C13F190CB01400D9AF2A /* Sources */,
				39E6C140190CB01400D9AF2A /* Frameworks */,
				39E6C141190CB01400D9AF2A /* Resources */,
			);
			buildRules = (
			);
			dependencies = (
				39E6C149190CB01400D9AF2A /* PBXTargetDependency */,
			);
			name = RabbitTests;
			productName = RabbitTests;
			productReference = 39E6C143190CB01400D9AF2A /* RabbitTests.xctest */;
			productType = "com.apple.product-type.bundle.unit-test";
		};
/* End PBXNativeTarget section */

/* Begin PBXProject section */
		39E6C120190CB01400D9AF2A /* Project object */ = {
			isa = PBXProject;
			attributes = {
				CLASSPREFIX = N;
				LastUpgradeCheck = 0510;
				ORGANIZATIONNAME = "Hazel Jiang";
				TargetAttributes = {
					39E6C142190CB01400D9AF2A = {
						TestTargetID = 39E6C127190CB01400D9AF2A;
					};
				};
			};
			buildConfigurationList = 39E6C123190CB01400D9AF2A /* Build configuration list for PBXProject "Rabbit" */;
			compatibilityVersion = "Xcode 3.2";
			developmentRegion = English;
			hasScannedForEncodings = 0;
			knownRegions = (
				en,
			);
			mainGroup = 39E6C11F190CB01400D9AF2A;
			productRefGroup = 39E6C129190CB01400D9AF2A /* Products */;
			projectDirPath = "";
			projectRoot = "";
			targets = (
				39E6C127190CB01400D9AF2A /* Rabbit */,
				39E6C142190CB01400D9AF2A /* RabbitTests */,
			);
		};
/* End PBXProject section */

/* Begin PBXResourcesBuildPhase section */
		39E6C126190CB01400D9AF2A /* Resources */ = {
			isa = PBXResourcesBuildPhase;
			buildActionMask = 2147483647;
			files = (
				39E6C15B190CB02700D9AF2A /* MainStoryboard.storyboard in Resources */,
				39E6C136190CB01400D9AF2A /* InfoPlist.strings in Resources */,
				39B8FEEF192894AF00F43014 /* Podfile in Resources */,
				39141073192E165E00206978 /* Images.xcassets in Resources */,
			);
			runOnlyForDeploymentPostprocessing = 0;
		};
		39E6C141190CB01400D9AF2A /* Resources */ = {
			isa = PBXResourcesBuildPhase;
			buildActionMask = 2147483647;
			files = (
				39E6C14F190CB01400D9AF2A /* InfoPlist.strings in Resources */,
			);
			runOnlyForDeploymentPostprocessing = 0;
		};
/* End PBXResourcesBuildPhase section */

/* Begin PBXSourcesBuildPhase section */
		39E6C124190CB01400D9AF2A /* Sources */ = {
			isa = PBXSourcesBuildPhase;
			buildActionMask = 2147483647;
			files = (
				39A21CBA191BAEAA00B6FCAA /* NCameraViewController.m in Sources */,
				39E6C138190CB01400D9AF2A /* main.m in Sources */,
				393E723D190CC07700A76C44 /* NInboxViewController.m in Sources */,
				3914107619301A5D00206978 /* GravatarUrlBuilder.m in Sources */,
				39F0CF411911F7C200D9A7AA /* NFriendsViewController.m in Sources */,
				393E725D190CCC8300A76C44 /* NSignupViewController.m in Sources */,
				39E6C13C190CB01400D9AF2A /* NAppDelegate.m in Sources */,
				393E725A190CCC7100A76C44 /* NLoginViewController.m in Sources */,
				394B0A8D191A7C9300322B19 /* NEditFriendsViewController.m in Sources */,
				3914108019301AF300206978 /* UIView+AccessViewController.m in Sources */,
				3914107919301A8000206978 /* TPKeyboardAvoidingScrollView.m in Sources */,
				39A21CC5191BEE4300B6FCAA /* NImageViewController.m in Sources */,
				395C80D51928872E00749A78 /* NAdditionalInformationViewController.m in Sources */,
				3914107F19301AF300206978 /* MSCellAccessory.m in Sources */,
			);
			runOnlyForDeploymentPostprocessing = 0;
		};
		39E6C13F190CB01400D9AF2A /* Sources */ = {
			isa = PBXSourcesBuildPhase;
			buildActionMask = 2147483647;
			files = (
				39E6C151190CB01400D9AF2A /* RabbitTests.m in Sources */,
			);
			runOnlyForDeploymentPostprocessing = 0;
		};
/* End PBXSourcesBuildPhase section */

/* Begin PBXTargetDependency section */
		39E6C149190CB01400D9AF2A /* PBXTargetDependency */ = {
			isa = PBXTargetDependency;
			target = 39E6C127190CB01400D9AF2A /* Rabbit */;
			targetProxy = 39E6C148190CB01400D9AF2A /* PBXContainerItemProxy */;
		};
/* End PBXTargetDependency section */

/* Begin PBXVariantGroup section */
		39E6C134190CB01400D9AF2A /* InfoPlist.strings */ = {
			isa = PBXVariantGroup;
			children = (
				39E6C135190CB01400D9AF2A /* en */,
			);
			name = InfoPlist.strings;
			sourceTree = "<group>";
		};
		39E6C14D190CB01400D9AF2A /* InfoPlist.strings */ = {
			isa = PBXVariantGroup;
			children = (
				39E6C14E190CB01400D9AF2A /* en */,
			);
			name = InfoPlist.strings;
			sourceTree = "<group>";
		};
/* End PBXVariantGroup section */

/* Begin XCBuildConfiguration section */
		39E6C152190CB01400D9AF2A /* Debug */ = {
			isa = XCBuildConfiguration;
			buildSettings = {
				ALWAYS_SEARCH_USER_PATHS = NO;
				CLANG_CXX_LANGUAGE_STANDARD = "gnu++0x";
				CLANG_CXX_LIBRARY = "libc++";
				CLANG_ENABLE_MODULES = YES;
				CLANG_ENABLE_OBJC_ARC = YES;
				CLANG_WARN_BOOL_CONVERSION = YES;
				CLANG_WARN_CONSTANT_CONVERSION = YES;
				CLANG_WARN_DIRECT_OBJC_ISA_USAGE = YES_ERROR;
				CLANG_WARN_EMPTY_BODY = YES;
				CLANG_WARN_ENUM_CONVERSION = YES;
				CLANG_WARN_INT_CONVERSION = YES;
				CLANG_WARN_OBJC_ROOT_CLASS = YES_ERROR;
				CLANG_WARN__DUPLICATE_METHOD_MATCH = YES;
				"CODE_SIGN_IDENTITY[sdk=iphoneos*]" = "iPhone Developer";
				COPY_PHASE_STRIP = NO;
				GCC_C_LANGUAGE_STANDARD = gnu99;
				GCC_DYNAMIC_NO_PIC = NO;
				GCC_OPTIMIZATION_LEVEL = 0;
				GCC_PREPROCESSOR_DEFINITIONS = (
					"DEBUG=1",
					"$(inherited)",
				);
				GCC_SYMBOLS_PRIVATE_EXTERN = NO;
				GCC_WARN_64_TO_32_BIT_CONVERSION = YES;
				GCC_WARN_ABOUT_RETURN_TYPE = YES_ERROR;
				GCC_WARN_UNDECLARED_SELECTOR = YES;
				GCC_WARN_UNINITIALIZED_AUTOS = YES_AGGRESSIVE;
				GCC_WARN_UNUSED_FUNCTION = YES;
				GCC_WARN_UNUSED_VARIABLE = YES;
				IPHONEOS_DEPLOYMENT_TARGET = 7.1;
				ONLY_ACTIVE_ARCH = YES;
				SDKROOT = iphoneos;
			};
			name = Debug;
		};
		39E6C153190CB01400D9AF2A /* Release */ = {
			isa = XCBuildConfiguration;
			buildSettings = {
				ALWAYS_SEARCH_USER_PATHS = NO;
				CLANG_CXX_LANGUAGE_STANDARD = "gnu++0x";
				CLANG_CXX_LIBRARY = "libc++";
				CLANG_ENABLE_MODULES = YES;
				CLANG_ENABLE_OBJC_ARC = YES;
				CLANG_WARN_BOOL_CONVERSION = YES;
				CLANG_WARN_CONSTANT_CONVERSION = YES;
				CLANG_WARN_DIRECT_OBJC_ISA_USAGE = YES_ERROR;
				CLANG_WARN_EMPTY_BODY = YES;
				CLANG_WARN_ENUM_CONVERSION = YES;
				CLANG_WARN_INT_CONVERSION = YES;
				CLANG_WARN_OBJC_ROOT_CLASS = YES_ERROR;
				CLANG_WARN__DUPLICATE_METHOD_MATCH = YES;
				"CODE_SIGN_IDENTITY[sdk=iphoneos*]" = "iPhone Developer";
				COPY_PHASE_STRIP = YES;
				ENABLE_NS_ASSERTIONS = NO;
				GCC_C_LANGUAGE_STANDARD = gnu99;
				GCC_WARN_64_TO_32_BIT_CONVERSION = YES;
				GCC_WARN_ABOUT_RETURN_TYPE = YES_ERROR;
				GCC_WARN_UNDECLARED_SELECTOR = YES;
				GCC_WARN_UNINITIALIZED_AUTOS = YES_AGGRESSIVE;
				GCC_WARN_UNUSED_FUNCTION = YES;
				GCC_WARN_UNUSED_VARIABLE = YES;
				IPHONEOS_DEPLOYMENT_TARGET = 7.1;
				SDKROOT = iphoneos;
				VALIDATE_PRODUCT = YES;
			};
			name = Release;
		};
		39E6C155190CB01400D9AF2A /* Debug */ = {
			isa = XCBuildConfiguration;
			buildSettings = {
				ASSETCATALOG_COMPILER_APPICON_NAME = AppIcon;
				ASSETCATALOG_COMPILER_LAUNCHIMAGE_NAME = LaunchImage;
				FRAMEWORK_SEARCH_PATHS = (
					"$(inherited)",
					"$(PROJECT_DIR)",
				);
				GCC_PRECOMPILE_PREFIX_HEADER = YES;
				GCC_PREFIX_HEADER = "Rabbit/Rabbit-Prefix.pch";
				INFOPLIST_FILE = "Rabbit/Rabbit-Info.plist";
				IPHONEOS_DEPLOYMENT_TARGET = 7.1;
				PRODUCT_NAME = "$(TARGET_NAME)";
				TARGETED_DEVICE_FAMILY = 1;
				WRAPPER_EXTENSION = app;
			};
			name = Debug;
		};
		39E6C156190CB01400D9AF2A /* Release */ = {
			isa = XCBuildConfiguration;
			buildSettings = {
				ASSETCATALOG_COMPILER_APPICON_NAME = AppIcon;
				ASSETCATALOG_COMPILER_LAUNCHIMAGE_NAME = LaunchImage;
				FRAMEWORK_SEARCH_PATHS = (
					"$(inherited)",
					"$(PROJECT_DIR)",
				);
				GCC_PRECOMPILE_PREFIX_HEADER = YES;
				GCC_PREFIX_HEADER = "Rabbit/Rabbit-Prefix.pch";
				INFOPLIST_FILE = "Rabbit/Rabbit-Info.plist";
				IPHONEOS_DEPLOYMENT_TARGET = 7.1;
				PRODUCT_NAME = "$(TARGET_NAME)";
				TARGETED_DEVICE_FAMILY = 1;
				WRAPPER_EXTENSION = app;
			};
			name = Release;
		};
		39E6C158190CB01400D9AF2A /* Debug */ = {
			isa = XCBuildConfiguration;
			buildSettings = {
				BUNDLE_LOADER = "$(BUILT_PRODUCTS_DIR)/Rabbit.app/Rabbit";
				FRAMEWORK_SEARCH_PATHS = (
					"$(SDKROOT)/Developer/Library/Frameworks",
					"$(inherited)",
					"$(DEVELOPER_FRAMEWORKS_DIR)",
				);
				GCC_PRECOMPILE_PREFIX_HEADER = YES;
				GCC_PREFIX_HEADER = "Rabbit/Rabbit-Prefix.pch";
				GCC_PREPROCESSOR_DEFINITIONS = (
					"DEBUG=1",
					"$(inherited)",
				);
				INFOPLIST_FILE = "RabbitTests/RabbitTests-Info.plist";
				PRODUCT_NAME = "$(TARGET_NAME)";
				TEST_HOST = "$(BUNDLE_LOADER)";
				WRAPPER_EXTENSION = xctest;
			};
			name = Debug;
		};
		39E6C159190CB01400D9AF2A /* Release */ = {
			isa = XCBuildConfiguration;
			buildSettings = {
				BUNDLE_LOADER = "$(BUILT_PRODUCTS_DIR)/Rabbit.app/Rabbit";
				FRAMEWORK_SEARCH_PATHS = (
					"$(SDKROOT)/Developer/Library/Frameworks",
					"$(inherited)",
					"$(DEVELOPER_FRAMEWORKS_DIR)",
				);
				GCC_PRECOMPILE_PREFIX_HEADER = YES;
				GCC_PREFIX_HEADER = "Rabbit/Rabbit-Prefix.pch";
				INFOPLIST_FILE = "RabbitTests/RabbitTests-Info.plist";
				PRODUCT_NAME = "$(TARGET_NAME)";
				TEST_HOST = "$(BUNDLE_LOADER)";
				WRAPPER_EXTENSION = xctest;
			};
			name = Release;
		};
/* End XCBuildConfiguration section */

/* Begin XCConfigurationList section */
		39E6C123190CB01400D9AF2A /* Build configuration list for PBXProject "Rabbit" */ = {
			isa = XCConfigurationList;
			buildConfigurations = (
				39E6C152190CB01400D9AF2A /* Debug */,
				39E6C153190CB01400D9AF2A /* Release */,
			);
			defaultConfigurationIsVisible = 0;
			defaultConfigurationName = Release;
		};
		39E6C154190CB01400D9AF2A /* Build configuration list for PBXNativeTarget "Rabbit" */ = {
			isa = XCConfigurationList;
			buildConfigurations = (
				39E6C155190CB01400D9AF2A /* Debug */,
				39E6C156190CB01400D9AF2A /* Release */,
			);
			defaultConfigurationIsVisible = 0;
			defaultConfigurationName = Release;
		};
		39E6C157190CB01400D9AF2A /* Build configuration list for PBXNativeTarget "RabbitTests" */ = {
			isa = XCConfigurationList;
			buildConfigurations = (
				39E6C158190CB01400D9AF2A /* Debug */,
				39E6C159190CB01400D9AF2A /* Release */,
			);
			defaultConfigurationIsVisible = 0;
			defaultConfigurationName = Release;
		};
/* End XCConfigurationList section */
	};
	rootObject = 39E6C120190CB01400D9AF2A /* Project object */;
}
